{
  "name": "@jmuchovej/jspsych-extension-jatos",
  "version": "0.0.1",
  "lockfileVersion": 2,
  "requires": true,
  "packages": {
    "": {
      "name": "@jmuchovej/jspsych-extension-jatos",
      "version": "0.0.1",
      "dependencies": {
        "@types/lodash": "^4.14.182",
        "jspsych": "^7.2.1",
        "lodash": "^4.17.21"
      }
    },
    "node_modules/@types/lodash": {
      "version": "4.14.182",
      "resolved": "https://registry.npmjs.org/@types/lodash/-/lodash-4.14.182.tgz",
      "integrity": "sha512-/THyiqyQAP9AfARo4pF+aCGcyiQ94tX/Is2I7HofNRqoYLgN1PBoOWu2/zTA5zMxzP5EFutMtWtGAFRKUe961Q=="
    },
    "node_modules/auto-bind": {
      "version": "4.0.0",
      "resolved": "https://registry.npmjs.org/auto-bind/-/auto-bind-4.0.0.tgz",
      "integrity": "sha512-Hdw8qdNiqdJ8LqT0iK0sVzkFbzg6fhnQqqfWhBDxcHZvU75+B+ayzTy8x+k5Ix0Y92XOhOUlx74ps+bA6BeYMQ==",
      "engines": {
        "node": ">=8"
      },
      "funding": {
        "url": "https://github.com/sponsors/sindresorhus"
      }
    },
    "node_modules/jspsych": {
      "version": "7.2.1",
      "resolved": "https://registry.npmjs.org/jspsych/-/jspsych-7.2.1.tgz",
      "integrity": "sha512-226/vyFNL60WoLzS9tqZXm2xWD96+G5xIq7lVTOFWkGlkriqgCoWb+nzW+ZsA/z5wUk1qxsN8Ds4nnBrqFp8Hw==",
      "dependencies": {
        "auto-bind": "^4.0.0",
        "random-words": "^1.1.1",
        "seedrandom": "^3.0.5"
      }
    },
    "node_modules/lodash": {
      "version": "4.17.21",
      "resolved": "https://registry.npmjs.org/lodash/-/lodash-4.17.21.tgz",
      "integrity": "sha512-v2kDEe57lecTulaDIuNTPy3Ry4gLGJ6Z1O3vE1krgXZNrsQ+LFTGHVxVjcXPs17LhbZVGedAJv8XZ1tvj5FvSg=="
    },
    "node_modules/random-words": {
      "version": "1.1.2",
      "resolved": "https://registry.npmjs.org/random-words/-/random-words-1.1.2.tgz",
      "integrity": "sha512-GwgC+Yu+D5/044grf2QqaYk3ZrQip7yfgvkj/6bJ3H3B3KrE7qoNPbWaYd06hrigqAkrPzNVEpRlnBaNx4bDuA=="
    },
    "node_modules/seedrandom": {
      "version": "3.0.5",
      "resolved": "https://registry.npmjs.org/seedrandom/-/seedrandom-3.0.5.tgz",
      "integrity": "sha512-8OwmbklUNzwezjGInmZ+2clQmExQPvomqjL7LFqOYqtmuxRgQYqOD3mHaU+MvZn5FLUeVxVfQjwLZW/n/JFuqg=="
    }
  },
  "dependencies": {
    "@types/lodash": {
      "version": "4.14.182",
      "resolved": "https://registry.npmjs.org/@types/lodash/-/lodash-4.14.182.tgz",
      "integrity": "sha512-/THyiqyQAP9AfARo4pF+aCGcyiQ94tX/Is2I7HofNRqoYLgN1PBoOWu2/zTA5zMxzP5EFutMtWtGAFRKUe961Q=="
    },
    "auto-bind": {
      "version": "4.0.0",
      "resolved": "https://registry.npmjs.org/auto-bind/-/auto-bind-4.0.0.tgz",
      "integrity": "sha512-Hdw8qdNiqdJ8LqT0iK0sVzkFbzg6fhnQqqfWhBDxcHZvU75+B+ayzTy8x+k5Ix0Y92XOhOUlx74ps+bA6BeYMQ=="
    },
    "jspsych": {
      "version": "7.2.1",
      "resolved": "https://registry.npmjs.org/jspsych/-/jspsych-7.2.1.tgz",
      "integrity": "sha512-226/vyFNL60WoLzS9tqZXm2xWD96+G5xIq7lVTOFWkGlkriqgCoWb+nzW+ZsA/z5wUk1qxsN8Ds4nnBrqFp8Hw==",
      "requires": {
        "auto-bind": "^4.0.0",
        "random-words": "^1.1.1",
        "seedrandom": "^3.0.5"
      }
    },
    "lodash": {
      "version": "4.17.21",
      "resolved": "https://registry.npmjs.org/lodash/-/lodash-4.17.21.tgz",
      "integrity": "sha512-v2kDEe57lecTulaDIuNTPy3Ry4gLGJ6Z1O3vE1krgXZNrsQ+LFTGHVxVjcXPs17LhbZVGedAJv8XZ1tvj5FvSg=="
    },
    "random-words": {
      "version": "1.1.2",
      "resolved": "https://registry.npmjs.org/random-words/-/random-words-1.1.2.tgz",
      "integrity": "sha512-GwgC+Yu+D5/044grf2QqaYk3ZrQip7yfgvkj/6bJ3H3B3KrE7qoNPbWaYd06hrigqAkrPzNVEpRlnBaNx4bDuA=="
    },
    "seedrandom": {
      "version": "3.0.5",
      "resolved": "https://registry.npmjs.org/seedrandom/-/seedrandom-3.0.5.tgz",
      "integrity": "sha512-8OwmbklUNzwezjGInmZ+2clQmExQPvomqjL7LFqOYqtmuxRgQYqOD3mHaU+MvZn5FLUeVxVfQjwLZW/n/JFuqg=="
    }
  }
}
